github.com/smartystreets/assertions v1.13.0 h1:Dx1kYM01xsSqKPno3aqLnrwac2LetPvN23diwyr69Qs=
github.com/smartystreets/assertions v1.13.0/go.mod h1:wDmR7qL282YbGsPy6H/yAsesrxfxaaSlJazyFLYVFx8=
github.com/smartystreets/assertions v1.13.1 h1:Ef7KhSmjZcK6AVf9YbJdvPYG9avaF0ZxudX+ThRdWfU=
github.com/smartystreets/assertions v1.13.1/go.mod h1:cXr/IwVfSo/RbCSPhoAPv73p3hlSdrBH/b3SdnW/LMY=
github.com/smartystreets/gunit v1.4.4 h1:oEKHO/Vn8VUO8KjEkoruZaZ3tcv2H8k66a3fgPcmoJg=
github.com/smartystreets/gunit v1.4.4/go.mod h1:ciyZ4dVTN2S8npQ4g9lMdARLX5XboUpcq5O7N6GlQmw=
github.com/smartystreets/gunit v1.4.5 h1:U4I9QifiA3Ek0NBjSjkJedTK2OalNjke0+LSpndIHfg=
github.com/smartystreets/gunit v1.4.5/go.mod h1:GUmm+LpxuO7chlxuO+Y4FvuNBR3uMfwgHhZyCt/8brA=
